
Microsoft Visual Studio Solution File, Format Version 12.00
# Visual Studio Version 16
VisualStudioVersion = 16.0.29911.84
MinimumVisualStudioVersion = 10.0.40219.1
Project("{9A19103F-16F7-4668-BE54-9A1E7A4F7556}") = "EmpolyeesAnalyzer", "Empolyees-Analyzer\EmpolyeesAnalyzer.csproj", "{F78BC6F6-B2D4-4B74-82BF-E5B13D263166}"
EndProject
Global
	GlobalSection(SolutionConfigurationPlatforms) = preSolution
		Debug|Any CPU = Debug|Any CPU
		Release|Any CPU = Release|Any CPU
	EndGlobalSection
	GlobalSection(ProjectConfigurationPlatforms) = postSolution
		{F78BC6F6-B2D4-4B74-82BF-E5B13D263166}.Debug|Any CPU.ActiveCfg = Debug|Any CPU
		{F78BC6F6-B2D4-4B74-82BF-E5B13D263166}.Debug|Any CPU.Build.0 = Debug|Any CPU
		{F78BC6F6-B2D4-4B74-82BF-E5B13D263166}.Release|Any CPU.ActiveCfg = Release|Any CPU
		{F78BC6F6-B2D4-4B74-82BF-E5B13D263166}.Release|Any CPU.Build.0 = Release|Any CPU
	EndGlobalSection
	GlobalSection(SolutionProperties) = preSolution
		HideSolutionNode = FALSE
	EndGlobalSection
	GlobalSection(ExtensibilityGlobals) = postSolution
		SolutionGuid = {A54AC5CE-069B-4A5F-928C-88A0E00E24FB}
	EndGlobalSection
EndGlobal
